Microsoft Visual Studio Solution File, Format Version 11.00
# Visual Studio 2008

Project("{0157A514-8EC1-3819-612A-C9AF0EC32973}") = "OrthelloTest", "Assembly-CSharp.csproj", "{7BA8FB85-C836-29A7-EDCB-2D6A04A64F29}"
EndProject
Project("{0157A514-8EC1-3819-612A-C9AF0EC32973}") = "OrthelloTest", "Assembly-CSharp-Editor.csproj", "{19DC9F8F-E355-2723-51AA-5CB616A895FD}"
EndProject
Project("{0157A514-8EC1-3819-612A-C9AF0EC32973}") = "OrthelloTest", "Assembly-UnityScript.unityproj", "{52363AE8-0705-E5DA-D0EE-7B64210AA1C5}"
EndProject
Global
	GlobalSection(SolutionConfigurationPlatforms) = preSolution
		Debug|Any CPU = Debug|Any CPU
		Release|Any CPU = Release|Any CPU
	EndGlobalSection
	GlobalSection(ProjectConfigurationPlatforms) = postSolution
		{7BA8FB85-C836-29A7-EDCB-2D6A04A64F29}.Debug|Any CPU.ActiveCfg = Debug|Any CPU
		{7BA8FB85-C836-29A7-EDCB-2D6A04A64F29}.Debug|Any CPU.Build.0 = Debug|Any CPU
		{7BA8FB85-C836-29A7-EDCB-2D6A04A64F29}.Release|Any CPU.ActiveCfg = Release|Any CPU
		{7BA8FB85-C836-29A7-EDCB-2D6A04A64F29}.Release|Any CPU.Build.0 = Release|Any CPU
		{19DC9F8F-E355-2723-51AA-5CB616A895FD}.Debug|Any CPU.ActiveCfg = Debug|Any CPU
		{19DC9F8F-E355-2723-51AA-5CB616A895FD}.Debug|Any CPU.Build.0 = Debug|Any CPU
		{19DC9F8F-E355-2723-51AA-5CB616A895FD}.Release|Any CPU.ActiveCfg = Release|Any CPU
		{19DC9F8F-E355-2723-51AA-5CB616A895FD}.Release|Any CPU.Build.0 = Release|Any CPU
		{52363AE8-0705-E5DA-D0EE-7B64210AA1C5}.Debug|Any CPU.ActiveCfg = Debug|Any CPU
		{52363AE8-0705-E5DA-D0EE-7B64210AA1C5}.Debug|Any CPU.Build.0 = Debug|Any CPU
		{52363AE8-0705-E5DA-D0EE-7B64210AA1C5}.Release|Any CPU.ActiveCfg = Release|Any CPU
		{52363AE8-0705-E5DA-D0EE-7B64210AA1C5}.Release|Any CPU.Build.0 = Release|Any CPU
	EndGlobalSection
	GlobalSection(SolutionProperties) = preSolution
		HideSolutionNode = FALSE
	EndGlobalSection
	GlobalSection(MonoDevelopProperties) = preSolution
		StartupItem = Assembly-CSharp.csproj
		Policies = $0
		$0.TextStylePolicy = $1
		$1.inheritsSet = null
		$1.scope = text/x-csharp
		$0.CSharpFormattingPolicy = $2
		$2.inheritsSet = Mono
		$2.inheritsScope = text/x-csharp
		$2.scope = text/x-csharp
		$0.TextStylePolicy = $3
		$3.FileWidth = 120
		$3.TabWidth = 4
		$3.EolMarker = Unix
		$3.inheritsSet = Mono
		$3.inheritsScope = text/plain
		$3.scope = text/plain
	EndGlobalSection
EndGlobal
